
Microsoft Visual Studio Solution File, Format Version 12.00
# Visual Studio 14
VisualStudioVersion = 14.0.24720.0
MinimumVisualStudioVersion = 10.0.40219.1
Project("{FAE04EC0-301F-11D3-BF4B-00C04F79EFBC}") = "PC_Inventory_Project", "PC_Inventory_Project\PC_Inventory_Project.csproj", "{6612FBB4-526E-4F02-9427-53968FE52743}"
EndProject
Global
	GlobalSection(SolutionConfigurationPlatforms) = preSolution
		Debug|Any CPU = Debug|Any CPU
		Release|Any CPU = Release|Any CPU
	EndGlobalSection
	GlobalSection(ProjectConfigurationPlatforms) = postSolution
		{6612FBB4-526E-4F02-9427-53968FE52743}.Debug|Any CPU.ActiveCfg = Debug|Any CPU
		{6612FBB4-526E-4F02-9427-53968FE52743}.Debug|Any CPU.Build.0 = Debug|Any CPU
		{6612FBB4-526E-4F02-9427-53968FE52743}.Release|Any CPU.ActiveCfg = Release|Any CPU
		{6612FBB4-526E-4F02-9427-53968FE52743}.Release|Any CPU.Build.0 = Release|Any CPU
	EndGlobalSection
	GlobalSection(SolutionProperties) = preSolution
		HideSolutionNode = FALSE
	EndGlobalSection
EndGlobal
